
Microsoft Visual Studio Solution File, Format Version 12.00
# Visual Studio Version 16
VisualStudioVersion = 16.0.29728.190
MinimumVisualStudioVersion = 10.0.40219.1
Project("{9A19103F-16F7-4668-BE54-9A1E7A4F7556}") = "RemoteMusicController", "RemoteMusicController\RemoteMusicController.csproj", "{DE32D9A3-C129-4976-8E7D-D9BD0E0DB343}"
EndProject
Global
	GlobalSection(SolutionConfigurationPlatforms) = preSolution
		Debug|Any CPU = Debug|Any CPU
		Release|Any CPU = Release|Any CPU
	EndGlobalSection
	GlobalSection(ProjectConfigurationPlatforms) = postSolution
		{DE32D9A3-C129-4976-8E7D-D9BD0E0DB343}.Debug|Any CPU.ActiveCfg = Debug|Any CPU
		{DE32D9A3-C129-4976-8E7D-D9BD0E0DB343}.Debug|Any CPU.Build.0 = Debug|Any CPU
		{DE32D9A3-C129-4976-8E7D-D9BD0E0DB343}.Release|Any CPU.ActiveCfg = Release|Any CPU
		{DE32D9A3-C129-4976-8E7D-D9BD0E0DB343}.Release|Any CPU.Build.0 = Release|Any CPU
	EndGlobalSection
	GlobalSection(SolutionProperties) = preSolution
		HideSolutionNode = FALSE
	EndGlobalSection
	GlobalSection(ExtensibilityGlobals) = postSolution
		SolutionGuid = {477983E9-A933-42CD-BCDA-4A3BF23B64EA}
	EndGlobalSection
EndGlobal
